
Microsoft Visual Studio Solution File, Format Version 12.00
# Visual Studio 2013
VisualStudioVersion = 12.0.31101.0
MinimumVisualStudioVersion = 10.0.40219.1
Project("{FAE04EC0-301F-11D3-BF4B-00C04F79EFBC}") = "HaterDateApp", "HaterDateApp\HaterDateApp.csproj", "{0128506E-F6D9-4A54-9E53-85AF78C46060}"
EndProject
Project("{FAE04EC0-301F-11D3-BF4B-00C04F79EFBC}") = "HaterDateApp.Tests", "HaterDateApp.Tests\HaterDateApp.Tests.csproj", "{1F459D0D-5C67-4941-B4EF-5BEC36D904EB}"
EndProject
Global
	GlobalSection(SolutionConfigurationPlatforms) = preSolution
		Debug|Any CPU = Debug|Any CPU
		Release|Any CPU = Release|Any CPU
	EndGlobalSection
	GlobalSection(ProjectConfigurationPlatforms) = postSolution
		{0128506E-F6D9-4A54-9E53-85AF78C46060}.Debug|Any CPU.ActiveCfg = Debug|Any CPU
		{0128506E-F6D9-4A54-9E53-85AF78C46060}.Debug|Any CPU.Build.0 = Debug|Any CPU
		{0128506E-F6D9-4A54-9E53-85AF78C46060}.Release|Any CPU.ActiveCfg = Release|Any CPU
		{0128506E-F6D9-4A54-9E53-85AF78C46060}.Release|Any CPU.Build.0 = Release|Any CPU
		{1F459D0D-5C67-4941-B4EF-5BEC36D904EB}.Debug|Any CPU.ActiveCfg = Debug|Any CPU
		{1F459D0D-5C67-4941-B4EF-5BEC36D904EB}.Debug|Any CPU.Build.0 = Debug|Any CPU
		{1F459D0D-5C67-4941-B4EF-5BEC36D904EB}.Release|Any CPU.ActiveCfg = Release|Any CPU
		{1F459D0D-5C67-4941-B4EF-5BEC36D904EB}.Release|Any CPU.Build.0 = Release|Any CPU
	EndGlobalSection
	GlobalSection(SolutionProperties) = preSolution
		HideSolutionNode = FALSE
	EndGlobalSection
EndGlobal
